
Microsoft Visual Studio Solution File, Format Version 12.00
Project("{2150E333-8FDC-42A3-9474-1A3956D46DE8}") = "src", "src", "{11B8A856-97E0-47AD-9819-F6C50BFFAA13}"
EndProject
Project("{2150E333-8FDC-42A3-9474-1A3956D46DE8}") = "Api", "Api", "{549683AB-72D9-4336-B03B-FA698B8665C8}"
EndProject
Project("{2150E333-8FDC-42A3-9474-1A3956D46DE8}") = "ApplicationCore", "ApplicationCore", "{0DE82BD8-DDB6-41F5-BA00-505CD8F37120}"
EndProject
Project("{2150E333-8FDC-42A3-9474-1A3956D46DE8}") = "Infrastructure", "Infrastructure", "{05B5E88E-D383-4FE6-BB96-93C283C736CF}"
EndProject
Project("{2150E333-8FDC-42A3-9474-1A3956D46DE8}") = "test", "test", "{4AABB032-2C14-4E99-BD52-38668212EF4C}"
EndProject
Project("{FAE04EC0-301F-11D3-BF4B-00C04F79EFBC}") = "EventConnect.Api", "EventConnect.Api\EventConnect.Api.csproj", "{191851C9-DD73-47FC-93A2-7367A0E83998}"
EndProject
Project("{FAE04EC0-301F-11D3-BF4B-00C04F79EFBC}") = "EventConnect.Application", "EventConnect.Application\EventConnect.Application.csproj", "{AE7F5C97-1B09-4CE4-BCF0-D9AF67A1B26D}"
EndProject
Project("{FAE04EC0-301F-11D3-BF4B-00C04F79EFBC}") = "EventConnect.Domain", "EventConnect.Domain\EventConnect.Domain.csproj", "{B9AA4777-5F5C-45B4-9E09-63C25EB30A7C}"
EndProject
Project("{FAE04EC0-301F-11D3-BF4B-00C04F79EFBC}") = "EventConnect.Identity", "EventConnect.Identity\EventConnect.Identity.csproj", "{AFDAC133-2100-46F6-8899-5FDEF40970BA}"
EndProject
Project("{FAE04EC0-301F-11D3-BF4B-00C04F79EFBC}") = "EventConnect.Persistence", "EventConnect.Persistence\EventConnect.Persistence.csproj", "{DC2DB030-0CB5-42CF-9C52-91C888042B3F}"
EndProject
Project("{FAE04EC0-301F-11D3-BF4B-00C04F79EFBC}") = "EventConnect.Infrastructure", "EventConnect.Infrastructure\EventConnect.Infrastructure.csproj", "{175C8B9C-EF24-434D-84C8-F44717770934}"
EndProject
Global
	GlobalSection(SolutionConfigurationPlatforms) = preSolution
		Debug|Any CPU = Debug|Any CPU
		Release|Any CPU = Release|Any CPU
	EndGlobalSection
	GlobalSection(NestedProjects) = preSolution
		{549683AB-72D9-4336-B03B-FA698B8665C8} = {11B8A856-97E0-47AD-9819-F6C50BFFAA13}
		{0DE82BD8-DDB6-41F5-BA00-505CD8F37120} = {11B8A856-97E0-47AD-9819-F6C50BFFAA13}
		{05B5E88E-D383-4FE6-BB96-93C283C736CF} = {11B8A856-97E0-47AD-9819-F6C50BFFAA13}
		{191851C9-DD73-47FC-93A2-7367A0E83998} = {549683AB-72D9-4336-B03B-FA698B8665C8}
		{AE7F5C97-1B09-4CE4-BCF0-D9AF67A1B26D} = {0DE82BD8-DDB6-41F5-BA00-505CD8F37120}
		{B9AA4777-5F5C-45B4-9E09-63C25EB30A7C} = {0DE82BD8-DDB6-41F5-BA00-505CD8F37120}
		{AFDAC133-2100-46F6-8899-5FDEF40970BA} = {05B5E88E-D383-4FE6-BB96-93C283C736CF}
		{DC2DB030-0CB5-42CF-9C52-91C888042B3F} = {05B5E88E-D383-4FE6-BB96-93C283C736CF}
		{175C8B9C-EF24-434D-84C8-F44717770934} = {05B5E88E-D383-4FE6-BB96-93C283C736CF}
	EndGlobalSection
	GlobalSection(ProjectConfigurationPlatforms) = postSolution
		{191851C9-DD73-47FC-93A2-7367A0E83998}.Debug|Any CPU.ActiveCfg = Debug|Any CPU
		{191851C9-DD73-47FC-93A2-7367A0E83998}.Debug|Any CPU.Build.0 = Debug|Any CPU
		{191851C9-DD73-47FC-93A2-7367A0E83998}.Release|Any CPU.ActiveCfg = Release|Any CPU
		{191851C9-DD73-47FC-93A2-7367A0E83998}.Release|Any CPU.Build.0 = Release|Any CPU
		{AE7F5C97-1B09-4CE4-BCF0-D9AF67A1B26D}.Debug|Any CPU.ActiveCfg = Debug|Any CPU
		{AE7F5C97-1B09-4CE4-BCF0-D9AF67A1B26D}.Debug|Any CPU.Build.0 = Debug|Any CPU
		{AE7F5C97-1B09-4CE4-BCF0-D9AF67A1B26D}.Release|Any CPU.ActiveCfg = Release|Any CPU
		{AE7F5C97-1B09-4CE4-BCF0-D9AF67A1B26D}.Release|Any CPU.Build.0 = Release|Any CPU
		{B9AA4777-5F5C-45B4-9E09-63C25EB30A7C}.Debug|Any CPU.ActiveCfg = Debug|Any CPU
		{B9AA4777-5F5C-45B4-9E09-63C25EB30A7C}.Debug|Any CPU.Build.0 = Debug|Any CPU
		{B9AA4777-5F5C-45B4-9E09-63C25EB30A7C}.Release|Any CPU.ActiveCfg = Release|Any CPU
		{B9AA4777-5F5C-45B4-9E09-63C25EB30A7C}.Release|Any CPU.Build.0 = Release|Any CPU
		{AFDAC133-2100-46F6-8899-5FDEF40970BA}.Debug|Any CPU.ActiveCfg = Debug|Any CPU
		{AFDAC133-2100-46F6-8899-5FDEF40970BA}.Debug|Any CPU.Build.0 = Debug|Any CPU
		{AFDAC133-2100-46F6-8899-5FDEF40970BA}.Release|Any CPU.ActiveCfg = Release|Any CPU
		{AFDAC133-2100-46F6-8899-5FDEF40970BA}.Release|Any CPU.Build.0 = Release|Any CPU
		{DC2DB030-0CB5-42CF-9C52-91C888042B3F}.Debug|Any CPU.ActiveCfg = Debug|Any CPU
		{DC2DB030-0CB5-42CF-9C52-91C888042B3F}.Debug|Any CPU.Build.0 = Debug|Any CPU
		{DC2DB030-0CB5-42CF-9C52-91C888042B3F}.Release|Any CPU.ActiveCfg = Release|Any CPU
		{DC2DB030-0CB5-42CF-9C52-91C888042B3F}.Release|Any CPU.Build.0 = Release|Any CPU
		{175C8B9C-EF24-434D-84C8-F44717770934}.Debug|Any CPU.ActiveCfg = Debug|Any CPU
		{175C8B9C-EF24-434D-84C8-F44717770934}.Debug|Any CPU.Build.0 = Debug|Any CPU
		{175C8B9C-EF24-434D-84C8-F44717770934}.Release|Any CPU.ActiveCfg = Release|Any CPU
		{175C8B9C-EF24-434D-84C8-F44717770934}.Release|Any CPU.Build.0 = Release|Any CPU
	EndGlobalSection
EndGlobal
